{
  "object": {
    "pins": [
      {
        "package": "ReactiveSwift",
        "repositoryURL": "https://github.com/ReactiveCocoa/ReactiveSwift.git",
        "state": {
          "branch": null,
          "revision": "c43bae3dac73fdd3cb906bd5a1914686ca71ed3c",
          "version": "6.7.0"
        }
      },
      {
        "package": "RSocket",
        "repositoryURL": "https://github.com/rsocket/rsocket-swift.git",
        "state": {
          "branch": "main",
          "revision": "710b9f80bc711e6319449b183eb1b0d36e2e2f6c",
          "version": null
        }
      },
      {
        "package": "swift-argument-parser",
        "repositoryURL": "https://github.com/apple/swift-argument-parser",
        "state": {
          "branch": null,
          "revision": "6b2aa2748a7881eebb9f84fb10c01293e15b52ca",
          "version": "0.5.0"
        }
      },
      {
        "package": "swift-nio",
        "repositoryURL": "https://github.com/apple/swift-nio",
        "state": {
          "branch": null,
          "revision": "fb48bdd8279799f655da5f8b4e0a21430eca6012",
          "version": "2.32.3"
        }
      },
      {
        "package": "swift-nio-extras",
        "repositoryURL": "https://github.com/apple/swift-nio-extras",
        "state": {
          "branch": null,
          "revision": "f73ca5ee9c6806800243f1ac415fcf82de9a4c91",
          "version": "1.10.2"
        }
      },
      {
        "package": "swift-nio-ssl",
        "repositoryURL": "https://github.com/apple/swift-nio-ssl",
        "state": {
          "branch": null,
          "revision": "77a3bf17884d2c87ba400f4d93b9a6f27b078651",
          "version": "2.15.1"
        }
      },
      {
        "package": "swift-nio-transport-services",
        "repositoryURL": "https://github.com/apple/swift-nio-transport-services",
        "state": {
          "branch": null,
          "revision": "e7f5278a26442dc46783ba7e063643d524e414a0",
          "version": "1.11.3"
        }
      }
    ]
  },
  "version": 1
}
